
Microsoft Visual Studio Solution File, Format Version 12.00
# Visual Studio 2012
Project("{FAE04EC0-301F-11D3-BF4B-00C04F79EFBC}") = "Code", "Code\Code.csproj", "{AD215055-E0B0-4F1F-95A0-E32DCAF37AD7}"
EndProject
Global
	GlobalSection(SolutionConfigurationPlatforms) = preSolution
		Debug|Any CPU = Debug|Any CPU
		Release|Any CPU = Release|Any CPU
	EndGlobalSection
	GlobalSection(ProjectConfigurationPlatforms) = postSolution
		{AD215055-E0B0-4F1F-95A0-E32DCAF37AD7}.Debug|Any CPU.ActiveCfg = Debug|Any CPU
		{AD215055-E0B0-4F1F-95A0-E32DCAF37AD7}.Debug|Any CPU.Build.0 = Debug|Any CPU
		{AD215055-E0B0-4F1F-95A0-E32DCAF37AD7}.Release|Any CPU.ActiveCfg = Release|Any CPU
		{AD215055-E0B0-4F1F-95A0-E32DCAF37AD7}.Release|Any CPU.Build.0 = Release|Any CPU
	EndGlobalSection
	GlobalSection(SolutionProperties) = preSolution
		HideSolutionNode = FALSE
	EndGlobalSection
EndGlobal
