
Microsoft Visual Studio Solution File, Format Version 12.00
# Visual Studio 2012
Project("{FAE04EC0-301F-11D3-BF4B-00C04F79EFBC}") = "字符串转byte", "字符串转byte\字符串转byte.csproj", "{38125062-F01B-4354-BDA7-D4A215543D22}"
EndProject
Global
	GlobalSection(SolutionConfigurationPlatforms) = preSolution
		Debug|Any CPU = Debug|Any CPU
		Release|Any CPU = Release|Any CPU
	EndGlobalSection
	GlobalSection(ProjectConfigurationPlatforms) = postSolution
		{38125062-F01B-4354-BDA7-D4A215543D22}.Debug|Any CPU.ActiveCfg = Debug|Any CPU
		{38125062-F01B-4354-BDA7-D4A215543D22}.Debug|Any CPU.Build.0 = Debug|Any CPU
		{38125062-F01B-4354-BDA7-D4A215543D22}.Release|Any CPU.ActiveCfg = Release|Any CPU
		{38125062-F01B-4354-BDA7-D4A215543D22}.Release|Any CPU.Build.0 = Release|Any CPU
	EndGlobalSection
	GlobalSection(SolutionProperties) = preSolution
		HideSolutionNode = FALSE
	EndGlobalSection
EndGlobal
