
Microsoft Visual Studio Solution File, Format Version 12.00
# Visual Studio 2012
Project("{FAE04EC0-301F-11D3-BF4B-00C04F79EFBC}") = "装饰器模式_练习", "装饰器模式_练习\装饰器模式_练习.csproj", "{75F4F25E-5146-4609-A9E6-EA0141DEA4D8}"
EndProject
Global
	GlobalSection(SolutionConfigurationPlatforms) = preSolution
		Debug|Any CPU = Debug|Any CPU
		Release|Any CPU = Release|Any CPU
	EndGlobalSection
	GlobalSection(ProjectConfigurationPlatforms) = postSolution
		{75F4F25E-5146-4609-A9E6-EA0141DEA4D8}.Debug|Any CPU.ActiveCfg = Debug|Any CPU
		{75F4F25E-5146-4609-A9E6-EA0141DEA4D8}.Debug|Any CPU.Build.0 = Debug|Any CPU
		{75F4F25E-5146-4609-A9E6-EA0141DEA4D8}.Release|Any CPU.ActiveCfg = Release|Any CPU
		{75F4F25E-5146-4609-A9E6-EA0141DEA4D8}.Release|Any CPU.Build.0 = Release|Any CPU
	EndGlobalSection
	GlobalSection(SolutionProperties) = preSolution
		HideSolutionNode = FALSE
	EndGlobalSection
EndGlobal
