
Microsoft Visual Studio Solution File, Format Version 12.00
# Visual Studio 2012
Project("{FAE04EC0-301F-11D3-BF4B-00C04F79EFBC}") = "Camera_MySelf", "Camera_MySelf\Camera_MySelf.csproj", "{BA863702-F7A7-4632-B6D1-51AD1F6F1C9A}"
EndProject
Global
	GlobalSection(SolutionConfigurationPlatforms) = preSolution
		Debug|Any CPU = Debug|Any CPU
		Release|Any CPU = Release|Any CPU
	EndGlobalSection
	GlobalSection(ProjectConfigurationPlatforms) = postSolution
		{BA863702-F7A7-4632-B6D1-51AD1F6F1C9A}.Debug|Any CPU.ActiveCfg = Debug|Any CPU
		{BA863702-F7A7-4632-B6D1-51AD1F6F1C9A}.Debug|Any CPU.Build.0 = Debug|Any CPU
		{BA863702-F7A7-4632-B6D1-51AD1F6F1C9A}.Release|Any CPU.ActiveCfg = Release|Any CPU
		{BA863702-F7A7-4632-B6D1-51AD1F6F1C9A}.Release|Any CPU.Build.0 = Release|Any CPU
	EndGlobalSection
	GlobalSection(SolutionProperties) = preSolution
		HideSolutionNode = FALSE
	EndGlobalSection
EndGlobal
