
Microsoft Visual Studio Solution File, Format Version 12.00
# Visual Studio 2012
Project("{FAE04EC0-301F-11D3-BF4B-00C04F79EFBC}") = "串口调试助手_Tony_Supper", "串口调试助手_Tony_Supper\串口调试助手_Tony_Supper.csproj", "{76D73E44-C50C-48DC-8B44-097D3BDC0A73}"
EndProject
Project("{FAE04EC0-301F-11D3-BF4B-00C04F79EFBC}") = "EventCenter", "EventCenter\EventCenter.csproj", "{57A03E1F-854E-46FF-958E-7720517AB11D}"
EndProject
Project("{FAE04EC0-301F-11D3-BF4B-00C04F79EFBC}") = "MyPort", "MyPort\MyPort.csproj", "{058DCCBB-CAF6-49FC-AC07-065842085562}"
EndProject
Global
	GlobalSection(SolutionConfigurationPlatforms) = preSolution
		Debug|Any CPU = Debug|Any CPU
		Release|Any CPU = Release|Any CPU
	EndGlobalSection
	GlobalSection(ProjectConfigurationPlatforms) = postSolution
		{76D73E44-C50C-48DC-8B44-097D3BDC0A73}.Debug|Any CPU.ActiveCfg = Debug|Any CPU
		{76D73E44-C50C-48DC-8B44-097D3BDC0A73}.Debug|Any CPU.Build.0 = Debug|Any CPU
		{76D73E44-C50C-48DC-8B44-097D3BDC0A73}.Release|Any CPU.ActiveCfg = Release|Any CPU
		{76D73E44-C50C-48DC-8B44-097D3BDC0A73}.Release|Any CPU.Build.0 = Release|Any CPU
		{57A03E1F-854E-46FF-958E-7720517AB11D}.Debug|Any CPU.ActiveCfg = Debug|Any CPU
		{57A03E1F-854E-46FF-958E-7720517AB11D}.Debug|Any CPU.Build.0 = Debug|Any CPU
		{57A03E1F-854E-46FF-958E-7720517AB11D}.Release|Any CPU.ActiveCfg = Release|Any CPU
		{57A03E1F-854E-46FF-958E-7720517AB11D}.Release|Any CPU.Build.0 = Release|Any CPU
		{058DCCBB-CAF6-49FC-AC07-065842085562}.Debug|Any CPU.ActiveCfg = Debug|Any CPU
		{058DCCBB-CAF6-49FC-AC07-065842085562}.Debug|Any CPU.Build.0 = Debug|Any CPU
		{058DCCBB-CAF6-49FC-AC07-065842085562}.Release|Any CPU.ActiveCfg = Release|Any CPU
		{058DCCBB-CAF6-49FC-AC07-065842085562}.Release|Any CPU.Build.0 = Release|Any CPU
	EndGlobalSection
	GlobalSection(SolutionProperties) = preSolution
		HideSolutionNode = FALSE
	EndGlobalSection
EndGlobal
