
Microsoft Visual Studio Solution File, Format Version 12.00
# Visual Studio 2012
Project("{FAE04EC0-301F-11D3-BF4B-00C04F79EFBC}") = "Lock的理解", "Lock的理解\Lock的理解.csproj", "{8E1E5785-1030-470D-851D-06E8FF24B546}"
EndProject
Global
	GlobalSection(SolutionConfigurationPlatforms) = preSolution
		Debug|Any CPU = Debug|Any CPU
		Release|Any CPU = Release|Any CPU
	EndGlobalSection
	GlobalSection(ProjectConfigurationPlatforms) = postSolution
		{8E1E5785-1030-470D-851D-06E8FF24B546}.Debug|Any CPU.ActiveCfg = Debug|Any CPU
		{8E1E5785-1030-470D-851D-06E8FF24B546}.Debug|Any CPU.Build.0 = Debug|Any CPU
		{8E1E5785-1030-470D-851D-06E8FF24B546}.Release|Any CPU.ActiveCfg = Release|Any CPU
		{8E1E5785-1030-470D-851D-06E8FF24B546}.Release|Any CPU.Build.0 = Release|Any CPU
	EndGlobalSection
	GlobalSection(SolutionProperties) = preSolution
		HideSolutionNode = FALSE
	EndGlobalSection
EndGlobal
