
Microsoft Visual Studio Solution File, Format Version 12.00
# Visual Studio 2012
Project("{FAE04EC0-301F-11D3-BF4B-00C04F79EFBC}") = "图片的各种处理", "图片的各种处理\图片的各种处理.csproj", "{26AE0A8A-3FE8-493F-982F-477865761851}"
EndProject
Project("{FAE04EC0-301F-11D3-BF4B-00C04F79EFBC}") = "图片处理2", "图片处理2\图片处理2.csproj", "{0174F156-5B33-46FA-8814-036A08EA5D6C}"
EndProject
Global
	GlobalSection(SolutionConfigurationPlatforms) = preSolution
		Debug|Any CPU = Debug|Any CPU
		Release|Any CPU = Release|Any CPU
	EndGlobalSection
	GlobalSection(ProjectConfigurationPlatforms) = postSolution
		{26AE0A8A-3FE8-493F-982F-477865761851}.Debug|Any CPU.ActiveCfg = Debug|Any CPU
		{26AE0A8A-3FE8-493F-982F-477865761851}.Debug|Any CPU.Build.0 = Debug|Any CPU
		{26AE0A8A-3FE8-493F-982F-477865761851}.Release|Any CPU.ActiveCfg = Release|Any CPU
		{26AE0A8A-3FE8-493F-982F-477865761851}.Release|Any CPU.Build.0 = Release|Any CPU
		{0174F156-5B33-46FA-8814-036A08EA5D6C}.Debug|Any CPU.ActiveCfg = Debug|Any CPU
		{0174F156-5B33-46FA-8814-036A08EA5D6C}.Debug|Any CPU.Build.0 = Debug|Any CPU
		{0174F156-5B33-46FA-8814-036A08EA5D6C}.Release|Any CPU.ActiveCfg = Release|Any CPU
		{0174F156-5B33-46FA-8814-036A08EA5D6C}.Release|Any CPU.Build.0 = Release|Any CPU
	EndGlobalSection
	GlobalSection(SolutionProperties) = preSolution
		HideSolutionNode = FALSE
	EndGlobalSection
EndGlobal
