
Microsoft Visual Studio Solution File, Format Version 12.00
# Visual Studio 2012
Project("{FAE04EC0-301F-11D3-BF4B-00C04F79EFBC}") = "SFC_TEST_LuxShare", "SFC_TEST_LuxShare\SFC_TEST_LuxShare.csproj", "{B274231B-51A5-4B71-A60F-E6B3D9057487}"
EndProject
Global
	GlobalSection(SolutionConfigurationPlatforms) = preSolution
		Debug|Any CPU = Debug|Any CPU
		Release|Any CPU = Release|Any CPU
	EndGlobalSection
	GlobalSection(ProjectConfigurationPlatforms) = postSolution
		{B274231B-51A5-4B71-A60F-E6B3D9057487}.Debug|Any CPU.ActiveCfg = Debug|Any CPU
		{B274231B-51A5-4B71-A60F-E6B3D9057487}.Debug|Any CPU.Build.0 = Debug|Any CPU
		{B274231B-51A5-4B71-A60F-E6B3D9057487}.Release|Any CPU.ActiveCfg = Release|Any CPU
		{B274231B-51A5-4B71-A60F-E6B3D9057487}.Release|Any CPU.Build.0 = Release|Any CPU
	EndGlobalSection
	GlobalSection(SolutionProperties) = preSolution
		HideSolutionNode = FALSE
	EndGlobalSection
EndGlobal
